
Microsoft Visual Studio Solution File, Format Version 12.00
# Visual Studio 15
VisualStudioVersion = 15.0.26430.13
MinimumVisualStudioVersion = 10.0.40219.1
Project("{9A19103F-16F7-4668-BE54-9A1E7A4F7556}") = "Akari.Web", "Akari.Web\Akari.Web.csproj", "{5ABB912E-258A-4E52-B532-1934A68DA07E}"
EndProject
Project("{E53339B2-1760-4266-BCC7-CA923CBCF16C}") = "docker-compose", "docker-compose.dcproj", "{6A880393-91DB-4AD7-B2CC-C5208573FD20}"
EndProject
Global
	GlobalSection(SolutionConfigurationPlatforms) = preSolution
		Debug|Any CPU = Debug|Any CPU
		Release|Any CPU = Release|Any CPU
	EndGlobalSection
	GlobalSection(ProjectConfigurationPlatforms) = postSolution
		{5ABB912E-258A-4E52-B532-1934A68DA07E}.Debug|Any CPU.ActiveCfg = Debug|Any CPU
		{5ABB912E-258A-4E52-B532-1934A68DA07E}.Debug|Any CPU.Build.0 = Debug|Any CPU
		{5ABB912E-258A-4E52-B532-1934A68DA07E}.Release|Any CPU.ActiveCfg = Release|Any CPU
		{5ABB912E-258A-4E52-B532-1934A68DA07E}.Release|Any CPU.Build.0 = Release|Any CPU
		{6A880393-91DB-4AD7-B2CC-C5208573FD20}.Debug|Any CPU.ActiveCfg = Debug|Any CPU
		{6A880393-91DB-4AD7-B2CC-C5208573FD20}.Debug|Any CPU.Build.0 = Debug|Any CPU
		{6A880393-91DB-4AD7-B2CC-C5208573FD20}.Release|Any CPU.ActiveCfg = Release|Any CPU
		{6A880393-91DB-4AD7-B2CC-C5208573FD20}.Release|Any CPU.Build.0 = Release|Any CPU
	EndGlobalSection
	GlobalSection(SolutionProperties) = preSolution
		HideSolutionNode = FALSE
	EndGlobalSection
EndGlobal
